
Microsoft Visual Studio Solution File, Format Version 12.00
# Visual Studio 2013
VisualStudioVersion = 12.0.30501.0
MinimumVisualStudioVersion = 10.0.40219.1
Project("{FAE04EC0-301F-11D3-BF4B-00C04F79EFBC}") = "ConfigurationSetup", "ConfigurationSetup\ConfigurationSetup.csproj", "{AEA73484-750B-4243-82C3-3C8656FECAAC}"
EndProject
Project("{2150E333-8FDC-42A3-9474-1A3956D46DE8}") = "Solution Items", "Solution Items", "{446484A7-4623-4E8B-803E-BBC20E84FBFD}"
	ProjectSection(SolutionItems) = preProject
		todo.txt = todo.txt
	EndProjectSection
EndProject
Project("{FAE04EC0-301F-11D3-BF4B-00C04F79EFBC}") = "ConfigurationSetupTests", "ConfigurationSetupTests\ConfigurationSetupTests.csproj", "{AC260AF0-53D0-41B3-AEE0-F82799757094}"
EndProject
Project("{2150E333-8FDC-42A3-9474-1A3956D46DE8}") = ".nuget", ".nuget", "{330D3383-D289-49E7-A5D1-4CFD27DA7E5E}"
	ProjectSection(SolutionItems) = preProject
		.nuget\NuGet.Config = .nuget\NuGet.Config
		.nuget\NuGet.exe = .nuget\NuGet.exe
		.nuget\NuGet.targets = .nuget\NuGet.targets
	EndProjectSection
EndProject
Global
	GlobalSection(SolutionConfigurationPlatforms) = preSolution
		Debug|Any CPU = Debug|Any CPU
		Release|Any CPU = Release|Any CPU
	EndGlobalSection
	GlobalSection(ProjectConfigurationPlatforms) = postSolution
		{AEA73484-750B-4243-82C3-3C8656FECAAC}.Debug|Any CPU.ActiveCfg = Debug|Any CPU
		{AEA73484-750B-4243-82C3-3C8656FECAAC}.Debug|Any CPU.Build.0 = Debug|Any CPU
		{AEA73484-750B-4243-82C3-3C8656FECAAC}.Release|Any CPU.ActiveCfg = Release|Any CPU
		{AEA73484-750B-4243-82C3-3C8656FECAAC}.Release|Any CPU.Build.0 = Release|Any CPU
		{AC260AF0-53D0-41B3-AEE0-F82799757094}.Debug|Any CPU.ActiveCfg = Debug|Any CPU
		{AC260AF0-53D0-41B3-AEE0-F82799757094}.Debug|Any CPU.Build.0 = Debug|Any CPU
		{AC260AF0-53D0-41B3-AEE0-F82799757094}.Release|Any CPU.ActiveCfg = Release|Any CPU
		{AC260AF0-53D0-41B3-AEE0-F82799757094}.Release|Any CPU.Build.0 = Release|Any CPU
	EndGlobalSection
	GlobalSection(SolutionProperties) = preSolution
		HideSolutionNode = FALSE
	EndGlobalSection
EndGlobal
